[ "dispcount": {:git, "https://github.com/ferd/dispcount.git", "8421fa18d9b5902328c338c331c8a193b8ddb3d2", [{:ref, "1.0.0"}]},
  "dotenv_elixir": {:git, "git://github.com/avdi/dotenv_elixir.git", "886ff786c36e264c07574d733e96224fcd8d1e51", []},
  "hackney": {:git, "git://github.com/benoitc/hackney.git", "df90bd8cf4cb7a5e0d6f4bb8286ce9e372deb563", [{:tag, "0.7.0"}]},
  "ibrowse": {:git, "git://github.com/cmullaparthi/ibrowse.git", "e8ae353c16d4f0897abb9f80025b52925b974dd1", [{:tag, "v4.0.2"}]},
  "mimetypes": {:git, "https://github.com/spawngrid/mimetypes.git", "47d37a977a7d633199822bf6b08353007483d00f", [{:ref, "master"}]} ]
